
Microsoft Visual Studio Solution File, Format Version 12.00
# Visual Studio Version 16
VisualStudioVersion = 16.0.31613.86
MinimumVisualStudioVersion = 10.0.40219.1
Project("{9A19103F-16F7-4668-BE54-9A1E7A4F7556}") = "HospitalManager", "HospitalManager\HospitalManager.csproj", "{E682723E-A834-40CE-82AA-2959ED53DFA6}"
EndProject
Project("{9A19103F-16F7-4668-BE54-9A1E7A4F7556}") = "HospitalManager.Data", "HospitalManager.Data\HospitalManager.Data.csproj", "{CF964992-F28B-46D0-BAB2-C089235DD1AA}"
EndProject
Project("{9A19103F-16F7-4668-BE54-9A1E7A4F7556}") = "HospitalManager.Services", "HospitalManager.Services\HospitalManager.Services.csproj", "{2A670E37-251F-41D2-A274-25362CE6B936}"
EndProject
Global
	GlobalSection(SolutionConfigurationPlatforms) = preSolution
		Debug|Any CPU = Debug|Any CPU
		Release|Any CPU = Release|Any CPU
	EndGlobalSection
	GlobalSection(ProjectConfigurationPlatforms) = postSolution
		{E682723E-A834-40CE-82AA-2959ED53DFA6}.Debug|Any CPU.ActiveCfg = Debug|Any CPU
		{E682723E-A834-40CE-82AA-2959ED53DFA6}.Debug|Any CPU.Build.0 = Debug|Any CPU
		{E682723E-A834-40CE-82AA-2959ED53DFA6}.Release|Any CPU.ActiveCfg = Release|Any CPU
		{E682723E-A834-40CE-82AA-2959ED53DFA6}.Release|Any CPU.Build.0 = Release|Any CPU
		{CF964992-F28B-46D0-BAB2-C089235DD1AA}.Debug|Any CPU.ActiveCfg = Debug|Any CPU
		{CF964992-F28B-46D0-BAB2-C089235DD1AA}.Debug|Any CPU.Build.0 = Debug|Any CPU
		{CF964992-F28B-46D0-BAB2-C089235DD1AA}.Release|Any CPU.ActiveCfg = Release|Any CPU
		{CF964992-F28B-46D0-BAB2-C089235DD1AA}.Release|Any CPU.Build.0 = Release|Any CPU
		{2A670E37-251F-41D2-A274-25362CE6B936}.Debug|Any CPU.ActiveCfg = Debug|Any CPU
		{2A670E37-251F-41D2-A274-25362CE6B936}.Debug|Any CPU.Build.0 = Debug|Any CPU
		{2A670E37-251F-41D2-A274-25362CE6B936}.Release|Any CPU.ActiveCfg = Release|Any CPU
		{2A670E37-251F-41D2-A274-25362CE6B936}.Release|Any CPU.Build.0 = Release|Any CPU
	EndGlobalSection
	GlobalSection(SolutionProperties) = preSolution
		HideSolutionNode = FALSE
	EndGlobalSection
	GlobalSection(ExtensibilityGlobals) = postSolution
		SolutionGuid = {CAE3CB4A-154E-4100-828E-C0D0379F0D87}
	EndGlobalSection
EndGlobal
